{
  "name": "sqncd",
  "lockfileVersion": 3,
  "requires": true,
  "packages": {
    "": {
      "dependencies": {
        "midi-note": "^1.0.0",
        "tonal": "^4.14.0",
        "tone": "^14.8.49"
      }
    },
    "node_modules/@babel/runtime": {
      "version": "7.21.0",
      "resolved": "https://registry.npmjs.org/@babel/runtime/-/runtime-7.21.0.tgz",
      "integrity": "sha512-xwII0//EObnq89Ji5AKYQaRYiW/nZ3llSv29d49IuxPhKbtJoLP+9QUUZ4nVragQVtaVGeZrpB+ZtG/Pdy/POw==",
      "dependencies": {
        "regenerator-runtime": "^0.13.11"
      },
      "engines": {
        "node": ">=6.9.0"
      }
    },
    "node_modules/@tonaljs/abc-notation": {
      "version": "4.8.0",
      "resolved": "https://registry.npmjs.org/@tonaljs/abc-notation/-/abc-notation-4.8.0.tgz",
      "integrity": "sha512-JggT/DW4rMxu+q1WkeACrg52is3acp9zaW4LJmCheFi3CmLa63sy7/6mgKnlScTOvcpAyTcSytu0VbQHRXyBDA==",
      "dependencies": {
        "@tonaljs/core": "^4.8.0"
      }
    },
    "node_modules/@tonaljs/array": {
      "version": "4.8.0",
      "resolved": "https://registry.npmjs.org/@tonaljs/array/-/array-4.8.0.tgz",
      "integrity": "sha512-lWCUBRUVWtDV0kl/fjOgICRWzBYWZdJEk1h0vVzpuPaXW6Yz3JfjyKPtLbzYTkgSr1PqcjxVGNwxilz9c2NNkQ==",
      "dependencies": {
        "@tonaljs/core": "^4.8.0"
      }
    },
    "node_modules/@tonaljs/chord": {
      "version": "4.10.0",
      "resolved": "https://registry.npmjs.org/@tonaljs/chord/-/chord-4.10.0.tgz",
      "integrity": "sha512-PyR17WYtgk0Yi1KRPeK5dVKoCCBf+LA23pRndN9RFWUkQR/zuRgmTyXpS7JRfzNqDu4GLGVCzS37QUdHRD5FvA==",
      "dependencies": {
        "@tonaljs/chord-detect": "^4.8.0",
        "@tonaljs/chord-type": "^4.8.0",
        "@tonaljs/collection": "^4.8.0",
        "@tonaljs/core": "^4.10.0",
        "@tonaljs/pcset": "^4.8.0",
        "@tonaljs/scale-type": "^4.8.0"
      }
    },
    "node_modules/@tonaljs/chord-detect": {
      "version": "4.8.0",
      "resolved": "https://registry.npmjs.org/@tonaljs/chord-detect/-/chord-detect-4.8.0.tgz",
      "integrity": "sha512-rpBHS2FKitIIodWI32LszeUfpq0of+0zqnU3CBc2/2UiYoyO9PmSs8UjzupKTIX/mHxOxq0ncDheT/ItB7QdNg==",
      "dependencies": {
        "@tonaljs/chord-type": "^4.8.0",
        "@tonaljs/core": "^4.8.0",
        "@tonaljs/pcset": "^4.8.0"
      }
    },
    "node_modules/@tonaljs/chord-type": {
      "version": "4.8.0",
      "resolved": "https://registry.npmjs.org/@tonaljs/chord-type/-/chord-type-4.8.0.tgz",
      "integrity": "sha512-NQYvTziV5HiY+fuNWHB85ZFJgKFge3iBcmcJSDI4kguxSHqDDscM1fE+tb6q4mi6RKERtw3oeGWjV5ScL1UKWQ==",
      "dependencies": {
        "@tonaljs/core": "^4.8.0",
        "@tonaljs/pcset": "^4.8.0"
      }
    },
    "node_modules/@tonaljs/collection": {
      "version": "4.8.0",
      "resolved": "https://registry.npmjs.org/@tonaljs/collection/-/collection-4.8.0.tgz",
      "integrity": "sha512-NSnqUDqnCZajYGPH4+27y6UAflX+RrAZQdP9YNBuJoTFtdSDrqV3cJoPdr2DRpGCK3Nuzw1dU8DlGsyWwNwlmg=="
    },
    "node_modules/@tonaljs/core": {
      "version": "4.10.0",
      "resolved": "https://registry.npmjs.org/@tonaljs/core/-/core-4.10.0.tgz",
      "integrity": "sha512-+AH7NP9iiAGil+X7NlKGlQvls/KByQmxR51d5O+y6IjHltOkVUXk74oZuxW7zF0IsKchFn8Okr0sxqFmgsQmpA=="
    },
    "node_modules/@tonaljs/duration-value": {
      "version": "4.8.0",
      "resolved": "https://registry.npmjs.org/@tonaljs/duration-value/-/duration-value-4.8.0.tgz",
      "integrity": "sha512-ewWVKtYCzNkSNaFoEn6NqL5vCmHTqoN+qngoUG2Sy2ZvGCk1pwx3ckJVUkJmYrkxP4PbQASPgJi0y+0fjgVJug=="
    },
    "node_modules/@tonaljs/interval": {
      "version": "4.8.0",
      "resolved": "https://registry.npmjs.org/@tonaljs/interval/-/interval-4.8.0.tgz",
      "integrity": "sha512-R+1OvqRS0lFqzmzorbL0cwqZLVRnDw2kmwNtgF17A2vqcZI9aDDH/XELPLLUcZ7ykeIu4X9t/v+yTwREj+nUrA==",
      "dependencies": {
        "@tonaljs/core": "^4.8.0"
      }
    },
    "node_modules/@tonaljs/key": {
      "version": "4.9.1",
      "resolved": "https://registry.npmjs.org/@tonaljs/key/-/key-4.9.1.tgz",
      "integrity": "sha512-WL/8raLnrcv6qpBog0HNp16/ifleeapZjU2PVTnIJ2DhuVgqtI8ccCyZHAURFdMmwYmn1Gf1VnvUAmG7RmqHJg==",
      "dependencies": {
        "@tonaljs/core": "^4.8.0",
        "@tonaljs/note": "^4.8.0",
        "@tonaljs/roman-numeral": "^4.8.0"
      }
    },
    "node_modules/@tonaljs/midi": {
      "version": "4.9.0",
      "resolved": "https://registry.npmjs.org/@tonaljs/midi/-/midi-4.9.0.tgz",
      "integrity": "sha512-zi6lK2OC2EA8E1Nl011erWAZgOSlrfstJMgnrbm4/nLDegotg5ALbMnfX/s+SIfSSFcXn/Og1d8xwPeAwoaUyg==",
      "dependencies": {
        "@tonaljs/core": "^4.8.0"
      }
    },
    "node_modules/@tonaljs/mode": {
      "version": "4.8.0",
      "resolved": "https://registry.npmjs.org/@tonaljs/mode/-/mode-4.8.0.tgz",
      "integrity": "sha512-hyaj2RWcnA7h6+jzc074JzE8GFFYg2FaRxXJHLBIYXXlqrLnudnSHOAfHUNRySQKEMR6h4oIerf9LW6+z9sPjQ==",
      "dependencies": {
        "@tonaljs/collection": "^4.8.0",
        "@tonaljs/core": "^4.8.0",
        "@tonaljs/interval": "^4.8.0",
        "@tonaljs/pcset": "^4.8.0",
        "@tonaljs/scale-type": "^4.8.0"
      }
    },
    "node_modules/@tonaljs/note": {
      "version": "4.10.0",
      "resolved": "https://registry.npmjs.org/@tonaljs/note/-/note-4.10.0.tgz",
      "integrity": "sha512-jWyxk9Dom+vsucj3dWG9z4j6WhZqbY7gkKsS14fHeo7g8qUZTVZFsr8ulpHyLPXN3EhLwHDU7CxIQ1klkPE33A==",
      "dependencies": {
        "@tonaljs/core": "^4.9.0",
        "@tonaljs/midi": "^4.8.0"
      }
    },
    "node_modules/@tonaljs/pcset": {
      "version": "4.8.1",
      "resolved": "https://registry.npmjs.org/@tonaljs/pcset/-/pcset-4.8.1.tgz",
      "integrity": "sha512-Ir+xHQHBqhSlOEeIMsPwz6A9MRdeKYajKFFwhnGLzU42HcHfe0MKyttzVO+iSIenLtiYk5TyW9ADdo6y85sJeA==",
      "dependencies": {
        "@tonaljs/collection": "^4.8.0",
        "@tonaljs/core": "^4.8.0"
      }
    },
    "node_modules/@tonaljs/progression": {
      "version": "4.8.0",
      "resolved": "https://registry.npmjs.org/@tonaljs/progression/-/progression-4.8.0.tgz",
      "integrity": "sha512-JS5xDox5pN3rRAIIC7ACumGmSwMpIRPvQpUePTmfQS0YMjFofzXeAjH/7WZN0328VK4vk8OAWu5N18pVxqJqQw==",
      "dependencies": {
        "@tonaljs/chord": "^4.8.0",
        "@tonaljs/core": "^4.8.0",
        "@tonaljs/roman-numeral": "^4.8.0"
      }
    },
    "node_modules/@tonaljs/range": {
      "version": "4.8.1",
      "resolved": "https://registry.npmjs.org/@tonaljs/range/-/range-4.8.1.tgz",
      "integrity": "sha512-UAyHBPh1SfqOo2w/BA6Rji3Sl1V0z/ggoE9+gS5aig13qUaVM8B3p2eanEgrxsRTN+yARPSE83CiWWbVqLKzWA==",
      "dependencies": {
        "@tonaljs/collection": "^4.8.0",
        "@tonaljs/midi": "^4.8.0"
      }
    },
    "node_modules/@tonaljs/roman-numeral": {
      "version": "4.8.0",
      "resolved": "https://registry.npmjs.org/@tonaljs/roman-numeral/-/roman-numeral-4.8.0.tgz",
      "integrity": "sha512-jktwfGXcs4qp5A0jy5pyWxgYkeGDcaldV9tiv7XnNR5yLwDm0D6S9rRlNlSo3n0wyDo3+Kh80hd3Mps+Gsf81w==",
      "dependencies": {
        "@tonaljs/core": "^4.8.0"
      }
    },
    "node_modules/@tonaljs/scale": {
      "version": "4.12.0",
      "resolved": "https://registry.npmjs.org/@tonaljs/scale/-/scale-4.12.0.tgz",
      "integrity": "sha512-1XxGoNqOFRgHWtpGH1Ery/AObnlnHp8+Yxe2FSE7J1BzUFej1XpJJyRvR4sOFVGr603xze+9IOXVgGTADcy/IQ==",
      "dependencies": {
        "@tonaljs/chord-type": "^4.8.0",
        "@tonaljs/collection": "^4.8.0",
        "@tonaljs/core": "^4.10.0",
        "@tonaljs/note": "^4.10.0",
        "@tonaljs/pcset": "^4.8.1",
        "@tonaljs/scale-type": "^4.8.1"
      }
    },
    "node_modules/@tonaljs/scale-type": {
      "version": "4.8.1",
      "resolved": "https://registry.npmjs.org/@tonaljs/scale-type/-/scale-type-4.8.1.tgz",
      "integrity": "sha512-XlSCFnEmiv7olj8mQBnQOBP9l1CtKFju3BqIILvLCacc6nrWSfSOSi8Y08FujSdvnU6i2fJmK/AYqlqFNoR1rA==",
      "dependencies": {
        "@tonaljs/core": "^4.8.0",
        "@tonaljs/pcset": "^4.8.1"
      }
    },
    "node_modules/@tonaljs/time-signature": {
      "version": "4.8.0",
      "resolved": "https://registry.npmjs.org/@tonaljs/time-signature/-/time-signature-4.8.0.tgz",
      "integrity": "sha512-ES5WoBC3aA5qQcVxh3GUc/Z1XAlnul/PCdlYrmTNAAJ4hgv4H5WHu15fWk7xRcCC6LZz6chfQNbSIXl9sNRdZQ=="
    },
    "node_modules/automation-events": {
      "version": "5.0.2",
      "resolved": "https://registry.npmjs.org/automation-events/-/automation-events-5.0.2.tgz",
      "integrity": "sha512-8mfgjeI22tlKeaGY8y0bDt93IIUJhQKR/ISTsnhhFkpAzCirPdQ/Rmfp3xakCTmIihLgDuIWcWygHWozYKVGyQ==",
      "dependencies": {
        "@babel/runtime": "^7.21.0",
        "tslib": "^2.5.0"
      },
      "engines": {
        "node": ">=14.15.4"
      }
    },
    "node_modules/midi-note": {
      "version": "1.0.0",
      "resolved": "https://registry.npmjs.org/midi-note/-/midi-note-1.0.0.tgz",
      "integrity": "sha512-NyEs4nokqURDgVenyJQ8QMjqiDUEJ06MS5zDnOwnmQFDrNPfeG2rx1KPQmafxhkzszVuyaDnME3bI48yvwahIg=="
    },
    "node_modules/regenerator-runtime": {
      "version": "0.13.11",
      "resolved": "https://registry.npmjs.org/regenerator-runtime/-/regenerator-runtime-0.13.11.tgz",
      "integrity": "sha512-kY1AZVr2Ra+t+piVaJ4gxaFaReZVH40AKNo7UCX6W+dEwBo/2oZJzqfuN1qLq1oL45o56cPaTXELwrTh8Fpggg=="
    },
    "node_modules/standardized-audio-context": {
      "version": "25.3.41",
      "resolved": "https://registry.npmjs.org/standardized-audio-context/-/standardized-audio-context-25.3.41.tgz",
      "integrity": "sha512-NCKY1kLCGN37dnCCIG4NX1LHWRgONvIU6u6GS3nzhMM9CV/M+GR48uIeojjeJBSICfWXfQ+t2N1MTdsgJz3wlA==",
      "dependencies": {
        "@babel/runtime": "^7.21.0",
        "automation-events": "^5.0.2",
        "tslib": "^2.5.0"
      }
    },
    "node_modules/tonal": {
      "version": "4.14.0",
      "resolved": "https://registry.npmjs.org/tonal/-/tonal-4.14.0.tgz",
      "integrity": "sha512-J4p3XGcz5fggUHq0oonNJ8BZ2RN/HjSqJCV3BrJbWrrwoDuWd+0lRwed5j++1UUnG9npZna8WYOYsZQXoAJJ8A==",
      "dependencies": {
        "@tonaljs/abc-notation": "^4.8.0",
        "@tonaljs/array": "^4.8.0",
        "@tonaljs/chord": "^4.10.0",
        "@tonaljs/chord-type": "^4.8.0",
        "@tonaljs/collection": "^4.8.0",
        "@tonaljs/core": "^4.10.0",
        "@tonaljs/duration-value": "^4.8.0",
        "@tonaljs/interval": "^4.8.0",
        "@tonaljs/key": "^4.9.1",
        "@tonaljs/midi": "^4.9.0",
        "@tonaljs/mode": "^4.8.0",
        "@tonaljs/note": "^4.10.0",
        "@tonaljs/pcset": "^4.8.1",
        "@tonaljs/progression": "^4.8.0",
        "@tonaljs/range": "^4.8.1",
        "@tonaljs/roman-numeral": "^4.8.0",
        "@tonaljs/scale": "^4.12.0",
        "@tonaljs/scale-type": "^4.8.1",
        "@tonaljs/time-signature": "^4.8.0"
      }
    },
    "node_modules/tone": {
      "version": "14.8.49",
      "resolved": "https://registry.npmjs.org/tone/-/tone-14.8.49.tgz",
      "integrity": "sha512-L5YLleEFvkuBYQ83eEL0Fg5DSQS7B28v32sYejnnl8b9yXSytM1X/jNJM1DrB525JGwFb5Pmq5OYZPD9oYQbCQ==",
      "dependencies": {
        "standardized-audio-context": "^25.3.29",
        "tslib": "^2.3.1"
      }
    },
    "node_modules/tslib": {
      "version": "2.5.0",
      "resolved": "https://registry.npmjs.org/tslib/-/tslib-2.5.0.tgz",
      "integrity": "sha512-336iVw3rtn2BUK7ORdIAHTyxHGRIHVReokCR3XjbckJMK7ms8FysBfhLR8IXnAgy7T0PTPNBWKiH514FOW/WSg=="
    }
  }
}
